
Microsoft Visual Studio Solution File, Format Version 12.00
# Visual Studio Version 16
VisualStudioVersion = 16.0.30804.86
MinimumVisualStudioVersion = 10.0.40219.1
Project("{FAE04EC0-301F-11D3-BF4B-00C04F79EFBC}") = "Control de Asistencia ITCA", "Control de Asistencia ITCA\Control de Asistencia ITCA.csproj", "{C6C41580-A88D-476E-A69E-F291ED450799}"
EndProject
Global
	GlobalSection(SolutionConfigurationPlatforms) = preSolution
		Debug|Any CPU = Debug|Any CPU
		Release|Any CPU = Release|Any CPU
	EndGlobalSection
	GlobalSection(ProjectConfigurationPlatforms) = postSolution
		{C6C41580-A88D-476E-A69E-F291ED450799}.Debug|Any CPU.ActiveCfg = Debug|Any CPU
		{C6C41580-A88D-476E-A69E-F291ED450799}.Debug|Any CPU.Build.0 = Debug|Any CPU
		{C6C41580-A88D-476E-A69E-F291ED450799}.Release|Any CPU.ActiveCfg = Release|Any CPU
		{C6C41580-A88D-476E-A69E-F291ED450799}.Release|Any CPU.Build.0 = Release|Any CPU
	EndGlobalSection
	GlobalSection(SolutionProperties) = preSolution
		HideSolutionNode = FALSE
	EndGlobalSection
	GlobalSection(ExtensibilityGlobals) = postSolution
		SolutionGuid = {C0F2C293-6F0E-487E-9CBE-D1CE16C00A88}
	EndGlobalSection
EndGlobal
